[[package]]
name = "black"
version = "22.10.0"
description = "The uncompromising code formatter."
category = "dev"
optional = false
python-versions = ">=3.7"

[package.dependencies]
click = ">=8.0.0"
mypy-extensions = ">=0.4.3"
pathspec = ">=0.9.0"
platformdirs = ">=2"

[package.extras]
colorama = ["colorama (>=0.4.3)"]
d = ["aiohttp (>=3.7.4)"]
jupyter = ["ipython (>=7.8.0)", "tokenize-rt (>=3.2.0)"]
uvloop = ["uvloop (>=0.15.2)"]

[[package]]
name = "certifi"
version = "2022.9.24"
description = "Python package for providing Mozilla's CA Bundle."
category = "main"
optional = false
python-versions = ">=3.6"

[[package]]
name = "charset-normalizer"
version = "2.1.1"
description = "The Real First Universal Charset Detector. Open, modern and actively maintained alternative to Chardet."
category = "main"
optional = false
python-versions = ">=3.6.0"

[package.extras]
unicode-backport = ["unicodedata2"]

[[package]]
name = "click"
version = "8.1.3"
description = "Composable command line interface toolkit"
category = "dev"
optional = false
python-versions = ">=3.7"

[package.dependencies]
colorama = {version = "*", markers = "platform_system == \"Windows\""}

[[package]]
name = "colorama"
version = "0.4.6"
description = "Cross-platform colored terminal text."
category = "dev"
optional = false
python-versions = "!=3.0.*,!=3.1.*,!=3.2.*,!=3.3.*,!=3.4.*,!=3.5.*,!=3.6.*,>=2.7"

[[package]]
name = "idna"
version = "3.4"
description = "Internationalized Domain Names in Applications (IDNA)"
category = "main"
optional = false
python-versions = ">=3.5"

[[package]]
name = "mypy-extensions"
version = "0.4.3"
description = "Experimental type system extensions for programs checked with the mypy typechecker."
category = "dev"
optional = false
python-versions = "*"

[[package]]
name = "orjson"
version = "3.8.1"
description = "Fast, correct Python JSON library supporting dataclasses, datetimes, and numpy"
category = "main"
optional = false
python-versions = ">=3.7"

[[package]]
name = "pathspec"
version = "0.10.1"
description = "Utility library for gitignore style pattern matching of file paths."
category = "dev"
optional = false
python-versions = ">=3.7"

[[package]]
name = "platformdirs"
version = "2.5.2"
description = "A small Python module for determining appropriate platform-specific dirs, e.g. a \"user data dir\"."
category = "dev"
optional = false
python-versions = ">=3.7"

[package.extras]
docs = ["furo (>=2021.7.5b38)", "proselint (>=0.10.2)", "sphinx (>=4)", "sphinx-autodoc-typehints (>=1.12)"]
test = ["appdirs (==1.4.4)", "pytest (>=6)", "pytest-cov (>=2.7)", "pytest-mock (>=3.6)"]

[[package]]
name = "requests"
version = "2.28.1"
description = "Python HTTP for Humans."
category = "main"
optional = false
python-versions = ">=3.7, <4"

[package.dependencies]
certifi = ">=2017.4.17"
charset-normalizer = ">=2,<3"
idna = ">=2.5,<4"
urllib3 = ">=1.21.1,<1.27"

[package.extras]
socks = ["PySocks (>=1.5.6,!=1.5.7)"]
use-chardet-on-py3 = ["chardet (>=3.0.2,<6)"]

[[package]]
name = "ruff"
version = "0.0.149"
description = "An extremely fast Python linter, written in Rust."
category = "dev"
optional = false
python-versions = ">=3.7"

[[package]]
name = "urllib3"
version = "1.26.12"
description = "HTTP library with thread-safe connection pooling, file post, and more."
category = "main"
optional = false
python-versions = ">=2.7, !=3.0.*, !=3.1.*, !=3.2.*, !=3.3.*, !=3.4.*, !=3.5.*, <4"

[package.extras]
brotli = ["brotli (>=1.0.9)", "brotlicffi (>=0.8.0)", "brotlipy (>=0.6.0)"]
secure = ["certifi", "cryptography (>=1.3.4)", "idna (>=2.0.0)", "ipaddress", "pyOpenSSL (>=0.14)", "urllib3-secure-extra"]
socks = ["PySocks (>=1.5.6,!=1.5.7,<2.0)"]

[[package]]
name = "websockets"
version = "10.4"
description = "An implementation of the WebSocket Protocol (RFC 6455 & 7692)"
category = "main"
optional = false
python-versions = ">=3.7"

[metadata]
lock-version = "1.1"
python-versions = "^3.11"
content-hash = "26de3584543dac80a622d968f76149f288792475ffde9515772e17f97d0cceac"

[metadata.files]
black = [
    {file = "black-22.10.0-1fixedarch-cp310-cp310-macosx_11_0_x86_64.whl", hash = "sha256:5cc42ca67989e9c3cf859e84c2bf014f6633db63d1cbdf8fdb666dcd9e77e3fa"},
    {file = "black-22.10.0-1fixedarch-cp311-cp311-macosx_11_0_x86_64.whl", hash = "sha256:5d8f74030e67087b219b032aa33a919fae8806d49c867846bfacde57f43972ef"},
    {file = "black-22.10.0-1fixedarch-cp37-cp37m-macosx_10_16_x86_64.whl", hash = "sha256:197df8509263b0b8614e1df1756b1dd41be6738eed2ba9e9769f3880c2b9d7b6"},
    {file = "black-22.10.0-1fixedarch-cp38-cp38-macosx_10_16_x86_64.whl", hash = "sha256:2644b5d63633702bc2c5f3754b1b475378fbbfb481f62319388235d0cd104c2d"},
    {file = "black-22.10.0-1fixedarch-cp39-cp39-macosx_11_0_x86_64.whl", hash = "sha256:e41a86c6c650bcecc6633ee3180d80a025db041a8e2398dcc059b3afa8382cd4"},
    {file = "black-22.10.0-cp310-cp310-macosx_11_0_arm64.whl", hash = "sha256:2039230db3c6c639bd84efe3292ec7b06e9214a2992cd9beb293d639c6402edb"},
    {file = "black-22.10.0-cp310-cp310-manylinux_2_17_x86_64.manylinux2014_x86_64.whl", hash = "sha256:14ff67aec0a47c424bc99b71005202045dc09270da44a27848d534600ac64fc7"},
    {file = "black-22.10.0-cp310-cp310-win_amd64.whl", hash = "sha256:819dc789f4498ecc91438a7de64427c73b45035e2e3680c92e18795a839ebb66"},
    {file = "black-22.10.0-cp311-cp311-macosx_11_0_arm64.whl", hash = "sha256:5b9b29da4f564ba8787c119f37d174f2b69cdfdf9015b7d8c5c16121ddc054ae"},
    {file = "black-22.10.0-cp311-cp311-manylinux_2_17_x86_64.manylinux2014_x86_64.whl", hash = "sha256:b8b49776299fece66bffaafe357d929ca9451450f5466e997a7285ab0fe28e3b"},
    {file = "black-22.10.0-cp311-cp311-win_amd64.whl", hash = "sha256:21199526696b8f09c3997e2b4db8d0b108d801a348414264d2eb8eb2532e540d"},
    {file = "black-22.10.0-cp37-cp37m-manylinux_2_17_x86_64.manylinux2014_x86_64.whl", hash = "sha256:1e464456d24e23d11fced2bc8c47ef66d471f845c7b7a42f3bd77bf3d1789650"},
    {file = "black-22.10.0-cp37-cp37m-win_amd64.whl", hash = "sha256:9311e99228ae10023300ecac05be5a296f60d2fd10fff31cf5c1fa4ca4b1988d"},
    {file = "black-22.10.0-cp38-cp38-macosx_11_0_arm64.whl", hash = "sha256:fba8a281e570adafb79f7755ac8721b6cf1bbf691186a287e990c7929c7692ff"},
    {file = "black-22.10.0-cp38-cp38-manylinux_2_17_x86_64.manylinux2014_x86_64.whl", hash = "sha256:915ace4ff03fdfff953962fa672d44be269deb2eaf88499a0f8805221bc68c87"},
    {file = "black-22.10.0-cp38-cp38-win_amd64.whl", hash = "sha256:444ebfb4e441254e87bad00c661fe32df9969b2bf224373a448d8aca2132b395"},
    {file = "black-22.10.0-cp39-cp39-macosx_11_0_arm64.whl", hash = "sha256:974308c58d057a651d182208a484ce80a26dac0caef2895836a92dd6ebd725e0"},
    {file = "black-22.10.0-cp39-cp39-manylinux_2_17_x86_64.manylinux2014_x86_64.whl", hash = "sha256:72ef3925f30e12a184889aac03d77d031056860ccae8a1e519f6cbb742736383"},
    {file = "black-22.10.0-cp39-cp39-win_amd64.whl", hash = "sha256:432247333090c8c5366e69627ccb363bc58514ae3e63f7fc75c54b1ea80fa7de"},
    {file = "black-22.10.0-py3-none-any.whl", hash = "sha256:c957b2b4ea88587b46cf49d1dc17681c1e672864fd7af32fc1e9664d572b3458"},
    {file = "black-22.10.0.tar.gz", hash = "sha256:f513588da599943e0cde4e32cc9879e825d58720d6557062d1098c5ad80080e1"},
]
certifi = [
    {file = "certifi-2022.9.24-py3-none-any.whl", hash = "sha256:90c1a32f1d68f940488354e36370f6cca89f0f106db09518524c88d6ed83f382"},
    {file = "certifi-2022.9.24.tar.gz", hash = "sha256:0d9c601124e5a6ba9712dbc60d9c53c21e34f5f641fe83002317394311bdce14"},
]
charset-normalizer = [
    {file = "charset-normalizer-2.1.1.tar.gz", hash = "sha256:5a3d016c7c547f69d6f81fb0db9449ce888b418b5b9952cc5e6e66843e9dd845"},
    {file = "charset_normalizer-2.1.1-py3-none-any.whl", hash = "sha256:83e9a75d1911279afd89352c68b45348559d1fc0506b054b346651b5e7fee29f"},
]
click = [
    {file = "click-8.1.3-py3-none-any.whl", hash = "sha256:bb4d8133cb15a609f44e8213d9b391b0809795062913b383c62be0ee95b1db48"},
    {file = "click-8.1.3.tar.gz", hash = "sha256:7682dc8afb30297001674575ea00d1814d808d6a36af415a82bd481d37ba7b8e"},
]
colorama = [
    {file = "colorama-0.4.6-py2.py3-none-any.whl", hash = "sha256:4f1d9991f5acc0ca119f9d443620b77f9d6b33703e51011c16baf57afb285fc6"},
    {file = "colorama-0.4.6.tar.gz", hash = "sha256:08695f5cb7ed6e0531a20572697297273c47b8cae5a63ffc6d6ed5c201be6e44"},
]
idna = [
    {file = "idna-3.4-py3-none-any.whl", hash = "sha256:90b77e79eaa3eba6de819a0c442c0b4ceefc341a7a2ab77d7562bf49f425c5c2"},
    {file = "idna-3.4.tar.gz", hash = "sha256:814f528e8dead7d329833b91c5faa87d60bf71824cd12a7530b5526063d02cb4"},
]
mypy-extensions = [
    {file = "mypy_extensions-0.4.3-py2.py3-none-any.whl", hash = "sha256:090fedd75945a69ae91ce1303b5824f428daf5a028d2f6ab8a299250a846f15d"},
    {file = "mypy_extensions-0.4.3.tar.gz", hash = "sha256:2d82818f5bb3e369420cb3c4060a7970edba416647068eb4c5343488a6c604a8"},
]
orjson = [
    {file = "orjson-3.8.1-cp310-cp310-macosx_10_7_x86_64.whl", hash = "sha256:a70aaa2e56356e58c6e1b49f7b7f069df5b15e55db002a74db3ff3f7af67c7ff"},
    {file = "orjson-3.8.1-cp310-cp310-macosx_10_9_x86_64.macosx_11_0_arm64.macosx_10_9_universal2.whl", hash = "sha256:d45db052d01d0ab7579470141d5c3592f4402d43cfacb67f023bc1210a67b7bc"},
    {file = "orjson-3.8.1-cp310-cp310-manylinux_2_17_aarch64.manylinux2014_aarch64.whl", hash = "sha256:e2aae92398c0023ac26a6cd026375f765ef5afe127eccabf563c78af7b572d59"},
    {file = "orjson-3.8.1-cp310-cp310-manylinux_2_17_armv7l.manylinux2014_armv7l.whl", hash = "sha256:0bd5b4e539db8a9635776bdf9a25c3db84e37165e65d45c8ca90437adc46d6d8"},
    {file = "orjson-3.8.1-cp310-cp310-manylinux_2_17_x86_64.manylinux2014_x86_64.whl", hash = "sha256:21efb87b168066201a120b0f54a2381f6f51ff3727e07b3908993732412b314a"},
    {file = "orjson-3.8.1-cp310-cp310-manylinux_2_28_aarch64.whl", hash = "sha256:e073338e422f518c1d4d80efc713cd17f3ed6d37c8c7459af04a95459f3206d1"},
    {file = "orjson-3.8.1-cp310-cp310-manylinux_2_28_x86_64.whl", hash = "sha256:8f672f3987f6424f60ab2e86ea7ed76dd2806b8e9b506a373fc8499aed85ddb5"},
    {file = "orjson-3.8.1-cp310-cp310-musllinux_1_1_aarch64.whl", hash = "sha256:231c30958ed99c23128a21993c5ac0a70e1e568e6a898a47f70d5d37461ca47c"},
    {file = "orjson-3.8.1-cp310-cp310-musllinux_1_1_x86_64.whl", hash = "sha256:59b4baf71c9f39125d7e535974b146cc180926462969f6d8821b4c5e975e11b3"},
    {file = "orjson-3.8.1-cp310-none-win_amd64.whl", hash = "sha256:fe25f50dc3d45364428baa0dbe3f613a5171c64eb0286eb775136b74e61ba58a"},
    {file = "orjson-3.8.1-cp311-cp311-macosx_10_7_x86_64.whl", hash = "sha256:6802edf98f6918e89df355f56be6e7db369b31eed64ff2496324febb8b0aa43b"},
    {file = "orjson-3.8.1-cp311-cp311-macosx_10_9_x86_64.macosx_11_0_arm64.macosx_10_9_universal2.whl", hash = "sha256:a4244f4199a160717f0027e434abb886e322093ceadb2f790ff0c73ed3e17662"},
    {file = "orjson-3.8.1-cp311-cp311-manylinux_2_17_aarch64.manylinux2014_aarch64.whl", hash = "sha256:6956cf7a1ac97523e96f75b11534ff851df99a6474a561ad836b6e82004acbb8"},
    {file = "orjson-3.8.1-cp311-cp311-manylinux_2_17_armv7l.manylinux2014_armv7l.whl", hash = "sha256:0b4e3857dd2416b479f700e9bdf4fcec8c690d2716622397d2b7e848f9833e50"},
    {file = "orjson-3.8.1-cp311-cp311-manylinux_2_17_x86_64.manylinux2014_x86_64.whl", hash = "sha256:f8873e490dea0f9cd975d66f84618b6fb57b1ba45ecb218313707a71173d764f"},
    {file = "orjson-3.8.1-cp311-cp311-manylinux_2_28_aarch64.whl", hash = "sha256:124207d2cd04e845eaf2a6171933cde40aebcb8c2d7d3b081e01be066d3014b6"},
    {file = "orjson-3.8.1-cp311-cp311-manylinux_2_28_x86_64.whl", hash = "sha256:d8ed77098c2e22181fce971f49a34204c38b79ca91c01d515d07015339ae8165"},
    {file = "orjson-3.8.1-cp311-none-win_amd64.whl", hash = "sha256:8623ac25fa0850a44ac845e9333c4da9ae5707b7cec8ac87cbe9d4e41137180f"},
    {file = "orjson-3.8.1-cp37-cp37m-macosx_10_7_x86_64.whl", hash = "sha256:d67a0bd0283a3b17ac43c5ab8e4a7e9d3aa758d6ec5d51c232343c408825a5ad"},
    {file = "orjson-3.8.1-cp37-cp37m-macosx_10_9_x86_64.macosx_11_0_arm64.macosx_10_9_universal2.whl", hash = "sha256:d89ef8a4444d83e0a5171d14f2ab4895936ab1773165b020f97d29cf289a2d88"},
    {file = "orjson-3.8.1-cp37-cp37m-manylinux_2_17_aarch64.manylinux2014_aarch64.whl", hash = "sha256:97839a6abbebb06099294e6057d5b3061721ada08b76ae792e7041b6cb54c97f"},
    {file = "orjson-3.8.1-cp37-cp37m-manylinux_2_17_armv7l.manylinux2014_armv7l.whl", hash = "sha256:6071bcf51f0ae4d53b9d3e9164f7138164df4291c484a7b14562075aaa7a2b7b"},
    {file = "orjson-3.8.1-cp37-cp37m-manylinux_2_17_x86_64.manylinux2014_x86_64.whl", hash = "sha256:c15e7d691cee75b5192fc1fa8487bf541d463246dc25c926b9b40f5b6ab56770"},
    {file = "orjson-3.8.1-cp37-cp37m-manylinux_2_28_aarch64.whl", hash = "sha256:b9abc49c014def1b832fcd53bdc670474b6fe41f373d16f40409882c0d0eccba"},
    {file = "orjson-3.8.1-cp37-cp37m-manylinux_2_28_x86_64.whl", hash = "sha256:3fd5472020042482d7da4c26a0ee65dbd931f691e1c838c6cf4232823179ecc1"},
    {file = "orjson-3.8.1-cp37-cp37m-musllinux_1_1_aarch64.whl", hash = "sha256:e399ed1b0d6f8089b9b6ff2cb3e71ba63a56d8ea88e1d95467949795cc74adfd"},
    {file = "orjson-3.8.1-cp37-cp37m-musllinux_1_1_x86_64.whl", hash = "sha256:5e3db6496463c3000d15b7a712da5a9601c6c43682f23f81862fe1d2a338f295"},
    {file = "orjson-3.8.1-cp37-none-win_amd64.whl", hash = "sha256:0f21eed14697083c01f7e00a87e21056fc8fb5851e8a7bca98345189abcdb4d4"},
    {file = "orjson-3.8.1-cp38-cp38-macosx_10_7_x86_64.whl", hash = "sha256:5a9e324213220578d324e0858baeab47808a13d3c3fbc6ba55a3f4f069d757cf"},
    {file = "orjson-3.8.1-cp38-cp38-macosx_10_9_x86_64.macosx_11_0_arm64.macosx_10_9_universal2.whl", hash = "sha256:69097c50c3ccbcc61292192b045927f1688ca57ce80525dc5d120e0b91e19bb0"},
    {file = "orjson-3.8.1-cp38-cp38-manylinux_2_17_aarch64.manylinux2014_aarch64.whl", hash = "sha256:e7822cba140f7ca48ed0256229f422dbae69e3a3475176185db0c0538cfadb57"},
    {file = "orjson-3.8.1-cp38-cp38-manylinux_2_17_armv7l.manylinux2014_armv7l.whl", hash = "sha256:03389e3750c521a7f3d4837de23cfd21a7f24574b4b3985c9498f440d21adb03"},
    {file = "orjson-3.8.1-cp38-cp38-manylinux_2_17_x86_64.manylinux2014_x86_64.whl", hash = "sha256:b0f9d9b5c6692097de07dd0b2d5ff20fd135bacd1b2fb7ea383ee717a4150c93"},
    {file = "orjson-3.8.1-cp38-cp38-manylinux_2_28_aarch64.whl", hash = "sha256:c2c9ef10b6344465fd5ac002be2d34f818211274dd79b44c75b2c14a979f84f3"},
    {file = "orjson-3.8.1-cp38-cp38-manylinux_2_28_x86_64.whl", hash = "sha256:7adaac93678ac61f5dc070f615b18639d16ee66f6a946d5221dbf315e8b74bec"},
    {file = "orjson-3.8.1-cp38-cp38-musllinux_1_1_aarch64.whl", hash = "sha256:b0c1750f73658906b82cabbf4be2f74300644c17cb037fbc8b48d746c3b90c76"},
    {file = "orjson-3.8.1-cp38-cp38-musllinux_1_1_x86_64.whl", hash = "sha256:da6306e1f03e7085fe0db61d4a3377f70c6fd865118d0afe17f80ae9a8f6f124"},
    {file = "orjson-3.8.1-cp38-none-win_amd64.whl", hash = "sha256:f532c2cbe8c140faffaebcfb34d43c9946599ea8138971f181a399bec7d6b123"},
    {file = "orjson-3.8.1-cp39-cp39-macosx_10_7_x86_64.whl", hash = "sha256:6a7b76d4b44bca418f7797b1e157907b56b7d31caa9091db4e99ebee51c16933"},
    {file = "orjson-3.8.1-cp39-cp39-macosx_10_9_x86_64.macosx_11_0_arm64.macosx_10_9_universal2.whl", hash = "sha256:f850489d89ea12be486492e68f0fd63e402fa28e426d4f0b5fc1eec0595e6109"},
    {file = "orjson-3.8.1-cp39-cp39-manylinux_2_17_aarch64.manylinux2014_aarch64.whl", hash = "sha256:4449e70b98f3ad3e43958360e4be1189c549865c0a128e8629ec96ce92d251c3"},
    {file = "orjson-3.8.1-cp39-cp39-manylinux_2_17_armv7l.manylinux2014_armv7l.whl", hash = "sha256:45357eea9114bd41ef19280066591e9069bb4f6f5bffd533e9bfc12a439d735f"},
    {file = "orjson-3.8.1-cp39-cp39-manylinux_2_17_x86_64.manylinux2014_x86_64.whl", hash = "sha256:4f5a9bc5bc4d730153529cb0584c63ff286d50663ccd48c9435423660b1bb12d"},
    {file = "orjson-3.8.1-cp39-cp39-manylinux_2_28_aarch64.whl", hash = "sha256:a806aca6b80fa1d996aa16593e4995a71126a085ee1a59fff19ccad29a4e47fd"},
    {file = "orjson-3.8.1-cp39-cp39-manylinux_2_28_x86_64.whl", hash = "sha256:395d02fd6be45f960da014372e7ecefc9e5f8df57a0558b7111a5fa8423c0669"},
    {file = "orjson-3.8.1-cp39-cp39-musllinux_1_1_aarch64.whl", hash = "sha256:caff3c1e964cfee044a03a46244ecf6373f3c56142ad16458a1446ac6d69824a"},
    {file = "orjson-3.8.1-cp39-cp39-musllinux_1_1_x86_64.whl", hash = "sha256:5ded261268d5dfd307078fe3370295e5eb15bdde838bbb882acf8538e061c451"},
    {file = "orjson-3.8.1-cp39-none-win_amd64.whl", hash = "sha256:45c1914795ffedb2970bfcd3ed83daf49124c7c37943ed0a7368971c6ea5e278"},
    {file = "orjson-3.8.1.tar.gz", hash = "sha256:07c42de52dfef56cdcaf2278f58e837b26f5b5af5f1fd133a68c4af203851fc7"},
]
pathspec = [
    {file = "pathspec-0.10.1-py3-none-any.whl", hash = "sha256:46846318467efc4556ccfd27816e004270a9eeeeb4d062ce5e6fc7a87c573f93"},
    {file = "pathspec-0.10.1.tar.gz", hash = "sha256:7ace6161b621d31e7902eb6b5ae148d12cfd23f4a249b9ffb6b9fee12084323d"},
]
platformdirs = [
    {file = "platformdirs-2.5.2-py3-none-any.whl", hash = "sha256:027d8e83a2d7de06bbac4e5ef7e023c02b863d7ea5d079477e722bb41ab25788"},
    {file = "platformdirs-2.5.2.tar.gz", hash = "sha256:58c8abb07dcb441e6ee4b11d8df0ac856038f944ab98b7be6b27b2a3c7feef19"},
]
requests = [
    {file = "requests-2.28.1-py3-none-any.whl", hash = "sha256:8fefa2a1a1365bf5520aac41836fbee479da67864514bdb821f31ce07ce65349"},
    {file = "requests-2.28.1.tar.gz", hash = "sha256:7c5599b102feddaa661c826c56ab4fee28bfd17f5abca1ebbe3e7f19d7c97983"},
]
ruff = [
    {file = "ruff-0.0.149-py3-none-macosx_10_7_x86_64.whl", hash = "sha256:e56d77e2a33067e480d6e9ecc328b066c9f8a96ec0f049f7c6107ff1d7106f7f"},
    {file = "ruff-0.0.149-py3-none-macosx_10_9_x86_64.macosx_10_9_arm64.macosx_10_9_universal2.whl", hash = "sha256:ad6e65923abbc59cb677c6d3bbfd778f87a95942c5499eb595afd6803999bf80"},
    {file = "ruff-0.0.149-py3-none-manylinux_2_17_aarch64.manylinux2014_aarch64.whl", hash = "sha256:eab933a922721930fd6fd02b1001355ee8b81e8810796d7e5d16d2e72a14dc88"},
    {file = "ruff-0.0.149-py3-none-manylinux_2_17_armv7l.manylinux2014_armv7l.whl", hash = "sha256:89c5bbc74e2a79f853c3477f1b87846a77b489029d49e4ff53cfcb3d41217b8c"},
    {file = "ruff-0.0.149-py3-none-manylinux_2_17_i686.manylinux2014_i686.whl", hash = "sha256:afa90ff653ef1354ffeaca92c8fb57a8aac16019a702c1c1cf50625b580eb421"},
    {file = "ruff-0.0.149-py3-none-manylinux_2_17_ppc64.manylinux2014_ppc64.whl", hash = "sha256:9dc2710115b3006231ab6843d5dc1719618cd7972fa69fcd30e8b3496f380cd9"},
    {file = "ruff-0.0.149-py3-none-manylinux_2_17_ppc64le.manylinux2014_ppc64le.whl", hash = "sha256:d79584f96f133f5856d846a162a9f083ac116b890707ef32b4446f4a5b15ccec"},
    {file = "ruff-0.0.149-py3-none-manylinux_2_17_s390x.manylinux2014_s390x.whl", hash = "sha256:8efb6b2f96b127239ee17de9eb9f858b01c72483a9a2c100126ec54d4313f63d"},
    {file = "ruff-0.0.149-py3-none-manylinux_2_17_x86_64.manylinux2014_x86_64.whl", hash = "sha256:4f198fc1cb6cf66e864156449079921a846abe8b6488674f646ea09bccd81457"},
    {file = "ruff-0.0.149-py3-none-musllinux_1_2_aarch64.whl", hash = "sha256:7e7bde713fd6a6305078dbf54c61e403d120b29093a3e365ec71607574ad1caa"},
    {file = "ruff-0.0.149-py3-none-musllinux_1_2_armv7l.whl", hash = "sha256:5437e96025dc4427e77e8cf2b49c5ac04b2f3c9e9c62799d60f5f0d5bfc20be8"},
    {file = "ruff-0.0.149-py3-none-musllinux_1_2_i686.whl", hash = "sha256:481b5093db3dd59cf31c192bfe8c1594cebd46e28a36f86d9a1683802a73e9a7"},
    {file = "ruff-0.0.149-py3-none-musllinux_1_2_x86_64.whl", hash = "sha256:a02c571dbb09c3ee0a17be507ddeec5cdbca2ab098f26aeead2fe691843a837a"},
    {file = "ruff-0.0.149-py3-none-win32.whl", hash = "sha256:58605add6c6f4b5d8306290c66965609da386c5b686a30c535a319dfba3c9af7"},
    {file = "ruff-0.0.149-py3-none-win_amd64.whl", hash = "sha256:58f640e94d5473db4cde84211659576aeccb88ae459e273f204683596b5ec205"},
    {file = "ruff-0.0.149.tar.gz", hash = "sha256:b6707c1ecc9730900138eb92dd0e7cd9123364ae9b33ba2cc9d623990129a29e"},
]
urllib3 = [
    {file = "urllib3-1.26.12-py2.py3-none-any.whl", hash = "sha256:b930dd878d5a8afb066a637fbb35144fe7901e3b209d1cd4f524bd0e9deee997"},
    {file = "urllib3-1.26.12.tar.gz", hash = "sha256:3fa96cf423e6987997fc326ae8df396db2a8b7c667747d47ddd8ecba91f4a74e"},
]
websockets = [
    {file = "websockets-10.4-cp310-cp310-macosx_10_9_universal2.whl", hash = "sha256:d58804e996d7d2307173d56c297cf7bc132c52df27a3efaac5e8d43e36c21c48"},
    {file = "websockets-10.4-cp310-cp310-macosx_10_9_x86_64.whl", hash = "sha256:bc0b82d728fe21a0d03e65f81980abbbcb13b5387f733a1a870672c5be26edab"},
    {file = "websockets-10.4-cp310-cp310-macosx_11_0_arm64.whl", hash = "sha256:ba089c499e1f4155d2a3c2a05d2878a3428cf321c848f2b5a45ce55f0d7d310c"},
    {file = "websockets-10.4-cp310-cp310-manylinux_2_17_aarch64.manylinux2014_aarch64.whl", hash = "sha256:33d69ca7612f0ddff3316b0c7b33ca180d464ecac2d115805c044bf0a3b0d032"},
    {file = "websockets-10.4-cp310-cp310-manylinux_2_5_i686.manylinux1_i686.manylinux_2_17_i686.manylinux2014_i686.whl", hash = "sha256:62e627f6b6d4aed919a2052efc408da7a545c606268d5ab5bfab4432734b82b4"},
    {file = "websockets-10.4-cp310-cp310-manylinux_2_5_x86_64.manylinux1_x86_64.manylinux_2_17_x86_64.manylinux2014_x86_64.whl", hash = "sha256:38ea7b82bfcae927eeffc55d2ffa31665dc7fec7b8dc654506b8e5a518eb4d50"},
    {file = "websockets-10.4-cp310-cp310-musllinux_1_1_aarch64.whl", hash = "sha256:e0cb5cc6ece6ffa75baccfd5c02cffe776f3f5c8bf486811f9d3ea3453676ce8"},
    {file = "websockets-10.4-cp310-cp310-musllinux_1_1_i686.whl", hash = "sha256:ae5e95cfb53ab1da62185e23b3130e11d64431179debac6dc3c6acf08760e9b1"},
    {file = "websockets-10.4-cp310-cp310-musllinux_1_1_x86_64.whl", hash = "sha256:7c584f366f46ba667cfa66020344886cf47088e79c9b9d39c84ce9ea98aaa331"},
    {file = "websockets-10.4-cp310-cp310-win32.whl", hash = "sha256:b029fb2032ae4724d8ae8d4f6b363f2cc39e4c7b12454df8df7f0f563ed3e61a"},
    {file = "websockets-10.4-cp310-cp310-win_amd64.whl", hash = "sha256:8dc96f64ae43dde92530775e9cb169979f414dcf5cff670455d81a6823b42089"},
    {file = "websockets-10.4-cp311-cp311-macosx_10_9_universal2.whl", hash = "sha256:47a2964021f2110116cc1125b3e6d87ab5ad16dea161949e7244ec583b905bb4"},
    {file = "websockets-10.4-cp311-cp311-macosx_10_9_x86_64.whl", hash = "sha256:e789376b52c295c4946403bd0efecf27ab98f05319df4583d3c48e43c7342c2f"},
    {file = "websockets-10.4-cp311-cp311-macosx_11_0_arm64.whl", hash = "sha256:7d3f0b61c45c3fa9a349cf484962c559a8a1d80dae6977276df8fd1fa5e3cb8c"},
    {file = "websockets-10.4-cp311-cp311-manylinux_2_17_aarch64.manylinux2014_aarch64.whl", hash = "sha256:f55b5905705725af31ccef50e55391621532cd64fbf0bc6f4bac935f0fccec46"},
    {file = "websockets-10.4-cp311-cp311-manylinux_2_5_i686.manylinux1_i686.manylinux_2_17_i686.manylinux2014_i686.whl", hash = "sha256:00c870522cdb69cd625b93f002961ffb0c095394f06ba8c48f17eef7c1541f96"},
    {file = "websockets-10.4-cp311-cp311-manylinux_2_5_x86_64.manylinux1_x86_64.manylinux_2_17_x86_64.manylinux2014_x86_64.whl", hash = "sha256:8f38706e0b15d3c20ef6259fd4bc1700cd133b06c3c1bb108ffe3f8947be15fa"},
    {file = "websockets-10.4-cp311-cp311-musllinux_1_1_aarch64.whl", hash = "sha256:f2c38d588887a609191d30e902df2a32711f708abfd85d318ca9b367258cfd0c"},
    {file = "websockets-10.4-cp311-cp311-musllinux_1_1_i686.whl", hash = "sha256:fe10ddc59b304cb19a1bdf5bd0a7719cbbc9fbdd57ac80ed436b709fcf889106"},
    {file = "websockets-10.4-cp311-cp311-musllinux_1_1_x86_64.whl", hash = "sha256:90fcf8929836d4a0e964d799a58823547df5a5e9afa83081761630553be731f9"},
    {file = "websockets-10.4-cp311-cp311-win32.whl", hash = "sha256:b9968694c5f467bf67ef97ae7ad4d56d14be2751000c1207d31bf3bb8860bae8"},
    {file = "websockets-10.4-cp311-cp311-win_amd64.whl", hash = "sha256:a7a240d7a74bf8d5cb3bfe6be7f21697a28ec4b1a437607bae08ac7acf5b4882"},
    {file = "websockets-10.4-cp37-cp37m-macosx_10_9_x86_64.whl", hash = "sha256:74de2b894b47f1d21cbd0b37a5e2b2392ad95d17ae983e64727e18eb281fe7cb"},
    {file = "websockets-10.4-cp37-cp37m-manylinux_2_17_aarch64.manylinux2014_aarch64.whl", hash = "sha256:e3a686ecb4aa0d64ae60c9c9f1a7d5d46cab9bfb5d91a2d303d00e2cd4c4c5cc"},
    {file = "websockets-10.4-cp37-cp37m-manylinux_2_5_i686.manylinux1_i686.manylinux_2_17_i686.manylinux2014_i686.whl", hash = "sha256:b0d15c968ea7a65211e084f523151dbf8ae44634de03c801b8bd070b74e85033"},
    {file = "websockets-10.4-cp37-cp37m-manylinux_2_5_x86_64.manylinux1_x86_64.manylinux_2_17_x86_64.manylinux2014_x86_64.whl", hash = "sha256:00213676a2e46b6ebf6045bc11d0f529d9120baa6f58d122b4021ad92adabd41"},
    {file = "websockets-10.4-cp37-cp37m-musllinux_1_1_aarch64.whl", hash = "sha256:e23173580d740bf8822fd0379e4bf30aa1d5a92a4f252d34e893070c081050df"},
    {file = "websockets-10.4-cp37-cp37m-musllinux_1_1_i686.whl", hash = "sha256:dd500e0a5e11969cdd3320935ca2ff1e936f2358f9c2e61f100a1660933320ea"},
    {file = "websockets-10.4-cp37-cp37m-musllinux_1_1_x86_64.whl", hash = "sha256:4239b6027e3d66a89446908ff3027d2737afc1a375f8fd3eea630a4842ec9a0c"},
    {file = "websockets-10.4-cp37-cp37m-win32.whl", hash = "sha256:8a5cc00546e0a701da4639aa0bbcb0ae2bb678c87f46da01ac2d789e1f2d2038"},
    {file = "websockets-10.4-cp37-cp37m-win_amd64.whl", hash = "sha256:a9f9a735deaf9a0cadc2d8c50d1a5bcdbae8b6e539c6e08237bc4082d7c13f28"},
    {file = "websockets-10.4-cp38-cp38-macosx_10_9_universal2.whl", hash = "sha256:5c1289596042fad2cdceb05e1ebf7aadf9995c928e0da2b7a4e99494953b1b94"},
    {file = "websockets-10.4-cp38-cp38-macosx_10_9_x86_64.whl", hash = "sha256:0cff816f51fb33c26d6e2b16b5c7d48eaa31dae5488ace6aae468b361f422b63"},
    {file = "websockets-10.4-cp38-cp38-macosx_11_0_arm64.whl", hash = "sha256:dd9becd5fe29773d140d68d607d66a38f60e31b86df75332703757ee645b6faf"},
    {file = "websockets-10.4-cp38-cp38-manylinux_2_17_aarch64.manylinux2014_aarch64.whl", hash = "sha256:45ec8e75b7dbc9539cbfafa570742fe4f676eb8b0d3694b67dabe2f2ceed8aa6"},
    {file = "websockets-10.4-cp38-cp38-manylinux_2_5_i686.manylinux1_i686.manylinux_2_17_i686.manylinux2014_i686.whl", hash = "sha256:4f72e5cd0f18f262f5da20efa9e241699e0cf3a766317a17392550c9ad7b37d8"},
    {file = "websockets-10.4-cp38-cp38-manylinux_2_5_x86_64.manylinux1_x86_64.manylinux_2_17_x86_64.manylinux2014_x86_64.whl", hash = "sha256:185929b4808b36a79c65b7865783b87b6841e852ef5407a2fb0c03381092fa3b"},
    {file = "websockets-10.4-cp38-cp38-musllinux_1_1_aarch64.whl", hash = "sha256:7d27a7e34c313b3a7f91adcd05134315002aaf8540d7b4f90336beafaea6217c"},
    {file = "websockets-10.4-cp38-cp38-musllinux_1_1_i686.whl", hash = "sha256:884be66c76a444c59f801ac13f40c76f176f1bfa815ef5b8ed44321e74f1600b"},
    {file = "websockets-10.4-cp38-cp38-musllinux_1_1_x86_64.whl", hash = "sha256:931c039af54fc195fe6ad536fde4b0de04da9d5916e78e55405436348cfb0e56"},
    {file = "websockets-10.4-cp38-cp38-win32.whl", hash = "sha256:db3c336f9eda2532ec0fd8ea49fef7a8df8f6c804cdf4f39e5c5c0d4a4ad9a7a"},
    {file = "websockets-10.4-cp38-cp38-win_amd64.whl", hash = "sha256:48c08473563323f9c9debac781ecf66f94ad5a3680a38fe84dee5388cf5acaf6"},
    {file = "websockets-10.4-cp39-cp39-macosx_10_9_universal2.whl", hash = "sha256:40e826de3085721dabc7cf9bfd41682dadc02286d8cf149b3ad05bff89311e4f"},
    {file = "websockets-10.4-cp39-cp39-macosx_10_9_x86_64.whl", hash = "sha256:56029457f219ade1f2fc12a6504ea61e14ee227a815531f9738e41203a429112"},
    {file = "websockets-10.4-cp39-cp39-macosx_11_0_arm64.whl", hash = "sha256:f5fc088b7a32f244c519a048c170f14cf2251b849ef0e20cbbb0fdf0fdaf556f"},
    {file = "websockets-10.4-cp39-cp39-manylinux_2_17_aarch64.manylinux2014_aarch64.whl", hash = "sha256:2fc8709c00704194213d45e455adc106ff9e87658297f72d544220e32029cd3d"},
    {file = "websockets-10.4-cp39-cp39-manylinux_2_5_i686.manylinux1_i686.manylinux_2_17_i686.manylinux2014_i686.whl", hash = "sha256:0154f7691e4fe6c2b2bc275b5701e8b158dae92a1ab229e2b940efe11905dff4"},
    {file = "websockets-10.4-cp39-cp39-manylinux_2_5_x86_64.manylinux1_x86_64.manylinux_2_17_x86_64.manylinux2014_x86_64.whl", hash = "sha256:4c6d2264f485f0b53adf22697ac11e261ce84805c232ed5dbe6b1bcb84b00ff0"},
    {file = "websockets-10.4-cp39-cp39-musllinux_1_1_aarch64.whl", hash = "sha256:9bc42e8402dc5e9905fb8b9649f57efcb2056693b7e88faa8fb029256ba9c68c"},
    {file = "websockets-10.4-cp39-cp39-musllinux_1_1_i686.whl", hash = "sha256:edc344de4dac1d89300a053ac973299e82d3db56330f3494905643bb68801269"},
    {file = "websockets-10.4-cp39-cp39-musllinux_1_1_x86_64.whl", hash = "sha256:84bc2a7d075f32f6ed98652db3a680a17a4edb21ca7f80fe42e38753a58ee02b"},
    {file = "websockets-10.4-cp39-cp39-win32.whl", hash = "sha256:c94ae4faf2d09f7c81847c63843f84fe47bf6253c9d60b20f25edfd30fb12588"},
    {file = "websockets-10.4-cp39-cp39-win_amd64.whl", hash = "sha256:bbccd847aa0c3a69b5f691a84d2341a4f8a629c6922558f2a70611305f902d74"},
    {file = "websockets-10.4-pp37-pypy37_pp73-macosx_10_9_x86_64.whl", hash = "sha256:82ff5e1cae4e855147fd57a2863376ed7454134c2bf49ec604dfe71e446e2193"},
    {file = "websockets-10.4-pp37-pypy37_pp73-manylinux_2_17_aarch64.manylinux2014_aarch64.whl", hash = "sha256:d210abe51b5da0ffdbf7b43eed0cfdff8a55a1ab17abbec4301c9ff077dd0342"},
    {file = "websockets-10.4-pp37-pypy37_pp73-manylinux_2_5_i686.manylinux1_i686.manylinux_2_17_i686.manylinux2014_i686.whl", hash = "sha256:942de28af58f352a6f588bc72490ae0f4ccd6dfc2bd3de5945b882a078e4e179"},
    {file = "websockets-10.4-pp37-pypy37_pp73-manylinux_2_5_x86_64.manylinux1_x86_64.manylinux_2_17_x86_64.manylinux2014_x86_64.whl", hash = "sha256:c9b27d6c1c6cd53dc93614967e9ce00ae7f864a2d9f99fe5ed86706e1ecbf485"},
    {file = "websockets-10.4-pp37-pypy37_pp73-win_amd64.whl", hash = "sha256:3d3cac3e32b2c8414f4f87c1b2ab686fa6284a980ba283617404377cd448f631"},
    {file = "websockets-10.4-pp38-pypy38_pp73-macosx_10_9_x86_64.whl", hash = "sha256:da39dd03d130162deb63da51f6e66ed73032ae62e74aaccc4236e30edccddbb0"},
    {file = "websockets-10.4-pp38-pypy38_pp73-manylinux_2_17_aarch64.manylinux2014_aarch64.whl", hash = "sha256:389f8dbb5c489e305fb113ca1b6bdcdaa130923f77485db5b189de343a179393"},
    {file = "websockets-10.4-pp38-pypy38_pp73-manylinux_2_5_i686.manylinux1_i686.manylinux_2_17_i686.manylinux2014_i686.whl", hash = "sha256:09a1814bb15eff7069e51fed0826df0bc0702652b5cb8f87697d469d79c23576"},
    {file = "websockets-10.4-pp38-pypy38_pp73-manylinux_2_5_x86_64.manylinux1_x86_64.manylinux_2_17_x86_64.manylinux2014_x86_64.whl", hash = "sha256:ff64a1d38d156d429404aaa84b27305e957fd10c30e5880d1765c9480bea490f"},
    {file = "websockets-10.4-pp38-pypy38_pp73-win_amd64.whl", hash = "sha256:b343f521b047493dc4022dd338fc6db9d9282658862756b4f6fd0e996c1380e1"},
    {file = "websockets-10.4-pp39-pypy39_pp73-macosx_10_9_x86_64.whl", hash = "sha256:932af322458da7e4e35df32f050389e13d3d96b09d274b22a7aa1808f292fee4"},
    {file = "websockets-10.4-pp39-pypy39_pp73-manylinux_2_17_aarch64.manylinux2014_aarch64.whl", hash = "sha256:d6a4162139374a49eb18ef5b2f4da1dd95c994588f5033d64e0bbfda4b6b6fcf"},
    {file = "websockets-10.4-pp39-pypy39_pp73-manylinux_2_5_i686.manylinux1_i686.manylinux_2_17_i686.manylinux2014_i686.whl", hash = "sha256:c57e4c1349fbe0e446c9fa7b19ed2f8a4417233b6984277cce392819123142d3"},
    {file = "websockets-10.4-pp39-pypy39_pp73-manylinux_2_5_x86_64.manylinux1_x86_64.manylinux_2_17_x86_64.manylinux2014_x86_64.whl", hash = "sha256:b627c266f295de9dea86bd1112ed3d5fafb69a348af30a2422e16590a8ecba13"},
    {file = "websockets-10.4-pp39-pypy39_pp73-win_amd64.whl", hash = "sha256:05a7233089f8bd355e8cbe127c2e8ca0b4ea55467861906b80d2ebc7db4d6b72"},
    {file = "websockets-10.4.tar.gz", hash = "sha256:eef610b23933c54d5d921c92578ae5f89813438fded840c2e9809d378dc765d3"},
]
